
Microsoft Visual Studio Solution File, Format Version 12.00
# Visual Studio Version 16
VisualStudioVersion = 16.0.32106.194
MinimumVisualStudioVersion = 10.0.40219.1
Project("{FAE04EC0-301F-11D3-BF4B-00C04F79EFBC}") = "StaffService", "StaffService\StaffService.csproj", "{71EC6C46-D23F-4E7E-9F01-7AB0CFC16882}"
EndProject
Global
	GlobalSection(SolutionConfigurationPlatforms) = preSolution
		Debug|Any CPU = Debug|Any CPU
		Release|Any CPU = Release|Any CPU
	EndGlobalSection
	GlobalSection(ProjectConfigurationPlatforms) = postSolution
		{71EC6C46-D23F-4E7E-9F01-7AB0CFC16882}.Debug|Any CPU.ActiveCfg = Debug|Any CPU
		{71EC6C46-D23F-4E7E-9F01-7AB0CFC16882}.Debug|Any CPU.Build.0 = Debug|Any CPU
		{71EC6C46-D23F-4E7E-9F01-7AB0CFC16882}.Release|Any CPU.ActiveCfg = Release|Any CPU
		{71EC6C46-D23F-4E7E-9F01-7AB0CFC16882}.Release|Any CPU.Build.0 = Release|Any CPU
	EndGlobalSection
	GlobalSection(SolutionProperties) = preSolution
		HideSolutionNode = FALSE
	EndGlobalSection
	GlobalSection(ExtensibilityGlobals) = postSolution
		SolutionGuid = {2E58E950-DFBA-44AC-8796-5CF4686430FF}
	EndGlobalSection
EndGlobal
